
Microsoft Visual Studio Solution File, Format Version 12.00
# Visual Studio Version 16
VisualStudioVersion = 16.0.30907.101
MinimumVisualStudioVersion = 10.0.40219.1
Project("{FAE04EC0-301F-11D3-BF4B-00C04F79EFBC}") = "ConsoleApp1", "ConsoleApp1.csproj", "{29710638-DE83-46D5-862F-E22D4C599569}"
EndProject
Global
	GlobalSection(SolutionConfigurationPlatforms) = preSolution
		Debug|Any CPU = Debug|Any CPU
		Release|Any CPU = Release|Any CPU
	EndGlobalSection
	GlobalSection(ProjectConfigurationPlatforms) = postSolution
		{29710638-DE83-46D5-862F-E22D4C599569}.Debug|Any CPU.ActiveCfg = Debug|Any CPU
		{29710638-DE83-46D5-862F-E22D4C599569}.Debug|Any CPU.Build.0 = Debug|Any CPU
		{29710638-DE83-46D5-862F-E22D4C599569}.Release|Any CPU.ActiveCfg = Release|Any CPU
		{29710638-DE83-46D5-862F-E22D4C599569}.Release|Any CPU.Build.0 = Release|Any CPU
	EndGlobalSection
	GlobalSection(SolutionProperties) = preSolution
		HideSolutionNode = FALSE
	EndGlobalSection
	GlobalSection(ExtensibilityGlobals) = postSolution
		SolutionGuid = {891EB8B9-8A83-42FE-98E2-C7983825D9CC}
	EndGlobalSection
EndGlobal
